{
  "name": "get-off-those-sites",
  "version": "0.1.0",
  "lockfileVersion": 2,
  "requires": true,
  "packages": {
    "": {
      "name": "get-off-those-sites",
      "version": "0.1.0",
      "devDependencies": {
        "@bulvar/bulma": "^0.11.13",
        "chart.js": "^4.2.1",
        "esbuild": "^0.17.9",
        "purgecss": "^5.0.0",
        "sass": "^1.58.3"
      }
    },
    "node_modules/@bulvar/bulma": {
      "version": "0.11.13",
      "resolved": "https://registry.npmjs.org/@bulvar/bulma/-/bulma-0.11.13.tgz",
      "integrity": "sha512-5UTtxtdrHuKyh7nYFHOM9KlSz+ictO32UcT64MIjghWVL67DQAW24dMSui02gDGPL9B2o1F74W1oKdSOXJPZCA==",
      "dev": true
    },
    "node_modules/@esbuild/android-arm": {
      "version": "0.17.9",
      "resolved": "https://registry.npmjs.org/@esbuild/android-arm/-/android-arm-0.17.9.tgz",
      "integrity": "sha512-efHnZVJldh2e18fK40RYzYTTRDzZ0QgL9V/73PSsAH43BauvjVwkqSHPhbcn77H0EQOUM2JPuO/XCg7jcKt94A==",
      "cpu": [
        "arm"
      ],
      "dev": true,
      "optional": true,
      "os": [
        "android"
      ],
      "engines": {
        "node": ">=12"
      }
    },
    "node_modules/@esbuild/android-arm64": {
      "version": "0.17.9",
      "resolved": "https://registry.npmjs.org/@esbuild/android-arm64/-/android-arm64-0.17.9.tgz",
      "integrity": "sha512-bqds/6lXsCA7JhHGKIM/R80sy3BAIBR0HWyeas0bW57QVHT3Rz5sf4oUVS4ZsmN+J+8IgNnaIT2PXZ0pnRcLKg==",
      "cpu": [
        "arm64"
      ],
      "dev": true,
      "optional": true,
      "os": [
        "android"
      ],
      "engines": {
        "node": ">=12"
      }
    },
    "node_modules/@esbuild/android-x64": {
      "version": "0.17.9",
      "resolved": "https://registry.npmjs.org/@esbuild/android-x64/-/android-x64-0.17.9.tgz",
      "integrity": "sha512-pP+MLR/k8BAYZuOqEkjAaQd9/pzbNS52pNFiXgdiCHb/16u6o7s0rPF8vPlVg+1s8ii+M6HrymL4534xYwCQCA==",
      "cpu": [
        "x64"
      ],
      "dev": true,
      "optional": true,
      "os": [
        "android"
      ],
      "engines": {
        "node": ">=12"
      }
    },
    "node_modules/@esbuild/darwin-arm64": {
      "version": "0.17.9",
      "resolved": "https://registry.npmjs.org/@esbuild/darwin-arm64/-/darwin-arm64-0.17.9.tgz",
      "integrity": "sha512-Gdbnu/RCIGHE/zqLHZwujTXnHz0lBQxK9+llrbxm5tO46CMhqiOhUuA5Zt6q2imULNoPJtxmhspHSAQtcx2pkw==",
      "cpu": [
        "arm64"
      ],
      "dev": true,
      "optional": true,
      "os": [
        "darwin"
      ],
      "engines": {
        "node": ">=12"
      }
    },
    "node_modules/@esbuild/darwin-x64": {
      "version": "0.17.9",
      "resolved": "https://registry.npmjs.org/@esbuild/darwin-x64/-/darwin-x64-0.17.9.tgz",
      "integrity": "sha512-GEZsUsDjJnCTVWuaq1cJ1Y3oV9GmNj/h4j6jA29VYSip7S7nSSiAo4dQFBJg734QKZZFos8fHc4abJpoN2ebGw==",
      "cpu": [
        "x64"
      ],
      "dev": true,
      "optional": true,
      "os": [
        "darwin"
      ],
      "engines": {
        "node": ">=12"
      }
    },
    "node_modules/@esbuild/freebsd-arm64": {
      "version": "0.17.9",
      "resolved": "https://registry.npmjs.org/@esbuild/freebsd-arm64/-/freebsd-arm64-0.17.9.tgz",
      "integrity": "sha512-l3v6bZdpZIG4RpNKObqNqJhDvqQO5JqQlU2S+KyMCbf0xQhYCbTuhu5kKY8hndM1oKhmqq6VfPWhOSf6P3XT/g==",
      "cpu": [
        "arm64"
      ],
      "dev": true,
      "optional": true,
      "os": [
        "freebsd"
      ],
      "engines": {
        "node": ">=12"
      }
    },
    "node_modules/@esbuild/freebsd-x64": {
      "version": "0.17.9",
      "resolved": "https://registry.npmjs.org/@esbuild/freebsd-x64/-/freebsd-x64-0.17.9.tgz",
      "integrity": "sha512-o/qhS0gbIdS0AjgiT0mbdiRIyNVRD31N81c1H7NNM4p6jVkSvScqo0v9eYJ+30mPhJsL26BwSNiuFJzD/SCyuw==",
      "cpu": [
        "x64"
      ],
      "dev": true,
      "optional": true,
      "os": [
        "freebsd"
      ],
      "engines": {
        "node": ">=12"
      }
    },
    "node_modules/@esbuild/linux-arm": {
      "version": "0.17.9",
      "resolved": "https://registry.npmjs.org/@esbuild/linux-arm/-/linux-arm-0.17.9.tgz",
      "integrity": "sha512-AhSVW1uIbcXssQ1D+Mn0txGgcxU32ikvIxuqkmjLC7dUpcX0JuwkPgdqTOicuBjG06GV4WvXSHcKCBUjN+oBxA==",
      "cpu": [
        "arm"
      ],
      "dev": true,
      "optional": true,
      "os": [
        "linux"
      ],
      "engines": {
        "node": ">=12"
      }
    },
    "node_modules/@esbuild/linux-arm64": {
      "version": "0.17.9",
      "resolved": "https://registry.npmjs.org/@esbuild/linux-arm64/-/linux-arm64-0.17.9.tgz",
      "integrity": "sha512-o3bvDJn9txfMxrCVJATbL3NeksMT9MGqSN7vTeG9g+387rDzfUiWpF5CN/L0MoI3QTicTydEDOx0PVX8/q+nCA==",
      "cpu": [
        "arm64"
      ],
      "dev": true,
      "optional": true,
      "os": [
        "linux"
      ],
      "engines": {
        "node": ">=12"
      }
    },
    "node_modules/@esbuild/linux-ia32": {
      "version": "0.17.9",
      "resolved": "https://registry.npmjs.org/@esbuild/linux-ia32/-/linux-ia32-0.17.9.tgz",
      "integrity": "sha512-fh3Eb+jMHDJUd08vEYL8swRT7zJo4lhrcG8NYuosHVeT49XQ0Bn9xLMtgtYXjCw5aB11aphAUwnzawvDqJCqTQ==",
      "cpu": [
        "ia32"
      ],
      "dev": true,
      "optional": true,
      "os": [
        "linux"
      ],
      "engines": {
        "node": ">=12"
      }
    },
    "node_modules/@esbuild/linux-loong64": {
      "version": "0.17.9",
      "resolved": "https://registry.npmjs.org/@esbuild/linux-loong64/-/linux-loong64-0.17.9.tgz",
      "integrity": "sha512-+DvqOzQLkXonfQTHo4PTlbiTCfz0Rx6oYn3fQrUlPX2PffGOth4HjuP4jHeFbw0YFfOErhjM6n481nB4VTmmFQ==",
      "cpu": [
        "loong64"
      ],
      "dev": true,
      "optional": true,
      "os": [
        "linux"
      ],
      "engines": {
        "node": ">=12"
      }
    },
    "node_modules/@esbuild/linux-mips64el": {
      "version": "0.17.9",
      "resolved": "https://registry.npmjs.org/@esbuild/linux-mips64el/-/linux-mips64el-0.17.9.tgz",
      "integrity": "sha512-9O0HhtxRzx9OOqavv7kIONncJXxhzrbDFmOD+cJ/3UUsy8dn52J6X2xCeUOxbmEOXYP2K+uha7b1AXG/URhF5Q==",
      "cpu": [
        "mips64el"
      ],
      "dev": true,
      "optional": true,
      "os": [
        "linux"
      ],
      "engines": {
        "node": ">=12"
      }
    },
    "node_modules/@esbuild/linux-ppc64": {
      "version": "0.17.9",
      "resolved": "https://registry.npmjs.org/@esbuild/linux-ppc64/-/linux-ppc64-0.17.9.tgz",
      "integrity": "sha512-tOwSTDZ0X5rcYK3OyfJVf4fFlvYLv3HGCOJxdE9gZVeRkXXd6O9CJ/A4Li1Tt9JQs9kJcFWCXxCwhY70h+t9iw==",
      "cpu": [
        "ppc64"
      ],
      "dev": true,
      "optional": true,
      "os": [
        "linux"
      ],
      "engines": {
        "node": ">=12"
      }
    },
    "node_modules/@esbuild/linux-riscv64": {
      "version": "0.17.9",
      "resolved": "https://registry.npmjs.org/@esbuild/linux-riscv64/-/linux-riscv64-0.17.9.tgz",
      "integrity": "sha512-mmirCaZItLSPw7loFPHvdDXO0A2I+cYOQ96eerbWEjqi9V4u+vvYSoUR3Or7HLe1JUZS+T0YWN+jPUASc1hqzg==",
      "cpu": [
        "riscv64"
      ],
      "dev": true,
      "optional": true,
      "os": [
        "linux"
      ],
      "engines": {
        "node": ">=12"
      }
    },
    "node_modules/@esbuild/linux-s390x": {
      "version": "0.17.9",
      "resolved": "https://registry.npmjs.org/@esbuild/linux-s390x/-/linux-s390x-0.17.9.tgz",
      "integrity": "sha512-zuL5TDhxstsvxYVZ1McsnfNrO6vlpZmxiNShJmYuYPt8COBJ/4iRkwHZ5Rbf1OkEVazB3/WASNtopv1/Gq19IQ==",
      "cpu": [
        "s390x"
      ],
      "dev": true,
      "optional": true,
      "os": [
        "linux"
      ],
      "engines": {
        "node": ">=12"
      }
    },
    "node_modules/@esbuild/linux-x64": {
      "version": "0.17.9",
      "resolved": "https://registry.npmjs.org/@esbuild/linux-x64/-/linux-x64-0.17.9.tgz",
      "integrity": "sha512-jVa5NKqwBmq57aNDZOSnNuRTV5GrI93HdjTlyQyRrOs7OSEQq2r9NyaGd6KmzuxLz19XTanFt4WeGoLnjFT1Ug==",
      "cpu": [
        "x64"
      ],
      "dev": true,
      "optional": true,
      "os": [
        "linux"
      ],
      "engines": {
        "node": ">=12"
      }
    },
    "node_modules/@esbuild/netbsd-x64": {
      "version": "0.17.9",
      "resolved": "https://registry.npmjs.org/@esbuild/netbsd-x64/-/netbsd-x64-0.17.9.tgz",
      "integrity": "sha512-BRoQyPJ7aiQ7USFCtGmmrYTbRDa9muZAwoYchfqspd+ef8n2kKcXGQ0K2OqcLEqNFOwhLpAY4y4YAl22FbP+BA==",
      "cpu": [
        "x64"
      ],
      "dev": true,
      "optional": true,
      "os": [
        "netbsd"
      ],
      "engines": {
        "node": ">=12"
      }
    },
    "node_modules/@esbuild/openbsd-x64": {
      "version": "0.17.9",
      "resolved": "https://registry.npmjs.org/@esbuild/openbsd-x64/-/openbsd-x64-0.17.9.tgz",
      "integrity": "sha512-gDCVw9M2k8tyA9GokQEeh+L2gl0EZeGIIj5WB5H97Mb0ADq5Ea8vWyQs2iY1Q/tebcuP8cUoOZWxkCsmlyl1NA==",
      "cpu": [
        "x64"
      ],
      "dev": true,
      "optional": true,
      "os": [
        "openbsd"
      ],
      "engines": {
        "node": ">=12"
      }
    },
    "node_modules/@esbuild/sunos-x64": {
      "version": "0.17.9",
      "resolved": "https://registry.npmjs.org/@esbuild/sunos-x64/-/sunos-x64-0.17.9.tgz",
      "integrity": "sha512-f89/xt0Hzp7POTDJYSJvotyFXatxXBGXJyFFTQGJW+NTYhFHaMcrrb41OB3L8sfzYi3PSlM3pZnwlEk1QiBX2g==",
      "cpu": [
        "x64"
      ],
      "dev": true,
      "optional": true,
      "os": [
        "sunos"
      ],
      "engines": {
        "node": ">=12"
      }
    },
    "node_modules/@esbuild/win32-arm64": {
      "version": "0.17.9",
      "resolved": "https://registry.npmjs.org/@esbuild/win32-arm64/-/win32-arm64-0.17.9.tgz",
      "integrity": "sha512-jrU/SBHXc3NPS5mPgYeL8pgIrBTwdrnaoLtygkQtuPzz0oBjsTyxV46tZoOctv4Q1Jq06+4zsJWkTzVaoik8FQ==",
      "cpu": [
        "arm64"
      ],
      "dev": true,
      "optional": true,
      "os": [
        "win32"
      ],
      "engines": {
        "node": ">=12"
      }
    },
    "node_modules/@esbuild/win32-ia32": {
      "version": "0.17.9",
      "resolved": "https://registry.npmjs.org/@esbuild/win32-ia32/-/win32-ia32-0.17.9.tgz",
      "integrity": "sha512-/oVEu7DurNFM0E6qA18R8xkbYU6xilaTnqG65rqm4XJo8ONuqTzLnj/93bQps7RJIxPI+yKPl0Zx2KifvWUa5A==",
      "cpu": [
        "ia32"
      ],
      "dev": true,
      "optional": true,
      "os": [
        "win32"
      ],
      "engines": {
        "node": ">=12"
      }
    },
    "node_modules/@esbuild/win32-x64": {
      "version": "0.17.9",
      "resolved": "https://registry.npmjs.org/@esbuild/win32-x64/-/win32-x64-0.17.9.tgz",
      "integrity": "sha512-PLKuXKwlPljFrzzsUO6hHNWcYeE4a8FOX/6AJ7U7PajgKqtBGw2mGYxsfJHGb+UdfgdOapIOsYPgzMTG+SGDrg==",
      "cpu": [
        "x64"
      ],
      "dev": true,
      "optional": true,
      "os": [
        "win32"
      ],
      "engines": {
        "node": ">=12"
      }
    },
    "node_modules/@kurkle/color": {
      "version": "0.3.2",
      "resolved": "https://registry.npmjs.org/@kurkle/color/-/color-0.3.2.tgz",
      "integrity": "sha512-fuscdXJ9G1qb7W8VdHi+IwRqij3lBkosAm4ydQtEmbY58OzHXqQhvlxqEkoz0yssNVn38bcpRWgA9PP+OGoisw==",
      "dev": true
    },
    "node_modules/anymatch": {
      "version": "3.1.3",
      "resolved": "https://registry.npmjs.org/anymatch/-/anymatch-3.1.3.tgz",
      "integrity": "sha512-KMReFUr0B4t+D+OBkjR3KYqvocp2XaSzO55UcB6mgQMd3KbcE+mWTyvVV7D/zsdEbNnV6acZUutkiHQXvTr1Rw==",
      "dev": true,
      "dependencies": {
        "normalize-path": "^3.0.0",
        "picomatch": "^2.0.4"
      },
      "engines": {
        "node": ">= 8"
      }
    },
    "node_modules/balanced-match": {
      "version": "1.0.2",
      "resolved": "https://registry.npmjs.org/balanced-match/-/balanced-match-1.0.2.tgz",
      "integrity": "sha512-3oSeUO0TMV67hN1AmbXsK4yaqU7tjiHlbxRDZOpH0KW9+CeX4bRAaX0Anxt0tx2MrpRpWwQaPwIlISEJhYU5Pw==",
      "dev": true
    },
    "node_modules/binary-extensions": {
      "version": "2.2.0",
      "resolved": "https://registry.npmjs.org/binary-extensions/-/binary-extensions-2.2.0.tgz",
      "integrity": "sha512-jDctJ/IVQbZoJykoeHbhXpOlNBqGNcwXJKJog42E5HDPUwQTSdjCHdihjj0DlnheQ7blbT6dHOafNAiS8ooQKA==",
      "dev": true,
      "engines": {
        "node": ">=8"
      }
    },
    "node_modules/brace-expansion": {
      "version": "2.0.1",
      "resolved": "https://registry.npmjs.org/brace-expansion/-/brace-expansion-2.0.1.tgz",
      "integrity": "sha512-XnAIvQ8eM+kC6aULx6wuQiwVsnzsi9d3WxzV3FpWTGA19F621kwdbsAcFKXgKUHZWsy+mY6iL1sHTxWEFCytDA==",
      "dev": true,
      "dependencies": {
        "balanced-match": "^1.0.0"
      }
    },
    "node_modules/braces": {
      "version": "3.0.2",
      "resolved": "https://registry.npmjs.org/braces/-/braces-3.0.2.tgz",
      "integrity": "sha512-b8um+L1RzM3WDSzvhm6gIz1yfTbBt6YTlcEKAvsmqCZZFw46z626lVj9j1yEPW33H5H+lBQpZMP1k8l+78Ha0A==",
      "dev": true,
      "dependencies": {
        "fill-range": "^7.0.1"
      },
      "engines": {
        "node": ">=8"
      }
    },
    "node_modules/chart.js": {
      "version": "4.2.1",
      "resolved": "https://registry.npmjs.org/chart.js/-/chart.js-4.2.1.tgz",
      "integrity": "sha512-6YbpQ0nt3NovAgOzbkSSeeAQu/3za1319dPUQTXn9WcOpywM8rGKxJHrhS8V8xEkAlk8YhEfjbuAPfUyp6jIsw==",
      "dev": true,
      "dependencies": {
        "@kurkle/color": "^0.3.0"
      },
      "engines": {
        "pnpm": "^7.0.0"
      }
    },
    "node_modules/chokidar": {
      "version": "3.5.3",
      "resolved": "https://registry.npmjs.org/chokidar/-/chokidar-3.5.3.tgz",
      "integrity": "sha512-Dr3sfKRP6oTcjf2JmUmFJfeVMvXBdegxB0iVQ5eb2V10uFJUCAS8OByZdVAyVb8xXNz3GjjTgj9kLWsZTqE6kw==",
      "dev": true,
      "funding": [
        {
          "type": "individual",
          "url": "https://paulmillr.com/funding/"
        }
      ],
      "dependencies": {
        "anymatch": "~3.1.2",
        "braces": "~3.0.2",
        "glob-parent": "~5.1.2",
        "is-binary-path": "~2.1.0",
        "is-glob": "~4.0.1",
        "normalize-path": "~3.0.0",
        "readdirp": "~3.6.0"
      },
      "engines": {
        "node": ">= 8.10.0"
      },
      "optionalDependencies": {
        "fsevents": "~2.3.2"
      }
    },
    "node_modules/commander": {
      "version": "9.5.0",
      "resolved": "https://registry.npmjs.org/commander/-/commander-9.5.0.tgz",
      "integrity": "sha512-KRs7WVDKg86PWiuAqhDrAQnTXZKraVcCc6vFdL14qrZ/DcWwuRo7VoiYXalXO7S5GKpqYiVEwCbgFDfxNHKJBQ==",
      "dev": true,
      "engines": {
        "node": "^12.20.0 || >=14"
      }
    },
    "node_modules/cssesc": {
      "version": "3.0.0",
      "resolved": "https://registry.npmjs.org/cssesc/-/cssesc-3.0.0.tgz",
      "integrity": "sha512-/Tb/JcjK111nNScGob5MNtsntNM1aCNUDipB/TkwZFhyDrrE47SOx/18wF2bbjgc3ZzCSKW1T5nt5EbFoAz/Vg==",
      "dev": true,
      "bin": {
        "cssesc": "bin/cssesc"
      },
      "engines": {
        "node": ">=4"
      }
    },
    "node_modules/esbuild": {
      "version": "0.17.9",
      "resolved": "https://registry.npmjs.org/esbuild/-/esbuild-0.17.9.tgz",
      "integrity": "sha512-m3b2MR76QkwKPw/KQBlBJVaIncfQhhXsDMCFPoyqEOIziV+O7BAKqOYT1NbHsnFUX0/98CLWxUfM5stzh4yq4Q==",
      "dev": true,
      "hasInstallScript": true,
      "bin": {
        "esbuild": "bin/esbuild"
      },
      "engines": {
        "node": ">=12"
      },
      "optionalDependencies": {
        "@esbuild/android-arm": "0.17.9",
        "@esbuild/android-arm64": "0.17.9",
        "@esbuild/android-x64": "0.17.9",
        "@esbuild/darwin-arm64": "0.17.9",
        "@esbuild/darwin-x64": "0.17.9",
        "@esbuild/freebsd-arm64": "0.17.9",
        "@esbuild/freebsd-x64": "0.17.9",
        "@esbuild/linux-arm": "0.17.9",
        "@esbuild/linux-arm64": "0.17.9",
        "@esbuild/linux-ia32": "0.17.9",
        "@esbuild/linux-loong64": "0.17.9",
        "@esbuild/linux-mips64el": "0.17.9",
        "@esbuild/linux-ppc64": "0.17.9",
        "@esbuild/linux-riscv64": "0.17.9",
        "@esbuild/linux-s390x": "0.17.9",
        "@esbuild/linux-x64": "0.17.9",
        "@esbuild/netbsd-x64": "0.17.9",
        "@esbuild/openbsd-x64": "0.17.9",
        "@esbuild/sunos-x64": "0.17.9",
        "@esbuild/win32-arm64": "0.17.9",
        "@esbuild/win32-ia32": "0.17.9",
        "@esbuild/win32-x64": "0.17.9"
      }
    },
    "node_modules/fill-range": {
      "version": "7.0.1",
      "resolved": "https://registry.npmjs.org/fill-range/-/fill-range-7.0.1.tgz",
      "integrity": "sha512-qOo9F+dMUmC2Lcb4BbVvnKJxTPjCm+RRpe4gDuGrzkL7mEVl/djYSu2OdQ2Pa302N4oqkSg9ir6jaLWJ2USVpQ==",
      "dev": true,
      "dependencies": {
        "to-regex-range": "^5.0.1"
      },
      "engines": {
        "node": ">=8"
      }
    },
    "node_modules/fs.realpath": {
      "version": "1.0.0",
      "resolved": "https://registry.npmjs.org/fs.realpath/-/fs.realpath-1.0.0.tgz",
      "integrity": "sha512-OO0pH2lK6a0hZnAdau5ItzHPI6pUlvI7jMVnxUQRtw4owF2wk8lOSabtGDCTP4Ggrg2MbGnWO9X8K1t4+fGMDw==",
      "dev": true
    },
    "node_modules/fsevents": {
      "version": "2.3.2",
      "resolved": "https://registry.npmjs.org/fsevents/-/fsevents-2.3.2.tgz",
      "integrity": "sha512-xiqMQR4xAeHTuB9uWm+fFRcIOgKBMiOBP+eXiyT7jsgVCq1bkVygt00oASowB7EdtpOHaaPgKt812P9ab+DDKA==",
      "dev": true,
      "hasInstallScript": true,
      "optional": true,
      "os": [
        "darwin"
      ],
      "engines": {
        "node": "^8.16.0 || ^10.6.0 || >=11.0.0"
      }
    },
    "node_modules/glob": {
      "version": "8.1.0",
      "resolved": "https://registry.npmjs.org/glob/-/glob-8.1.0.tgz",
      "integrity": "sha512-r8hpEjiQEYlF2QU0df3dS+nxxSIreXQS1qRhMJM0Q5NDdR386C7jb7Hwwod8Fgiuex+k0GFjgft18yvxm5XoCQ==",
      "dev": true,
      "dependencies": {
        "fs.realpath": "^1.0.0",
        "inflight": "^1.0.4",
        "inherits": "2",
        "minimatch": "^5.0.1",
        "once": "^1.3.0"
      },
      "engines": {
        "node": ">=12"
      },
      "funding": {
        "url": "https://github.com/sponsors/isaacs"
      }
    },
    "node_modules/glob-parent": {
      "version": "5.1.2",
      "resolved": "https://registry.npmjs.org/glob-parent/-/glob-parent-5.1.2.tgz",
      "integrity": "sha512-AOIgSQCepiJYwP3ARnGx+5VnTu2HBYdzbGP45eLw1vr3zB3vZLeyed1sC9hnbcOc9/SrMyM5RPQrkGz4aS9Zow==",
      "dev": true,
      "dependencies": {
        "is-glob": "^4.0.1"
      },
      "engines": {
        "node": ">= 6"
      }
    },
    "node_modules/immutable": {
      "version": "4.2.4",
      "resolved": "https://registry.npmjs.org/immutable/-/immutable-4.2.4.tgz",
      "integrity": "sha512-WDxL3Hheb1JkRN3sQkyujNlL/xRjAo3rJtaU5xeufUauG66JdMr32bLj4gF+vWl84DIA3Zxw7tiAjneYzRRw+w==",
      "dev": true
    },
    "node_modules/inflight": {
      "version": "1.0.6",
      "resolved": "https://registry.npmjs.org/inflight/-/inflight-1.0.6.tgz",
      "integrity": "sha512-k92I/b08q4wvFscXCLvqfsHCrjrF7yiXsQuIVvVE7N82W3+aqpzuUdBbfhWcy/FZR3/4IgflMgKLOsvPDrGCJA==",
      "dev": true,
      "dependencies": {
        "once": "^1.3.0",
        "wrappy": "1"
      }
    },
    "node_modules/inherits": {
      "version": "2.0.4",
      "resolved": "https://registry.npmjs.org/inherits/-/inherits-2.0.4.tgz",
      "integrity": "sha512-k/vGaX4/Yla3WzyMCvTQOXYeIHvqOKtnqBduzTHpzpQZzAskKMhZ2K+EnBiSM9zGSoIFeMpXKxa4dYeZIQqewQ==",
      "dev": true
    },
    "node_modules/is-binary-path": {
      "version": "2.1.0",
      "resolved": "https://registry.npmjs.org/is-binary-path/-/is-binary-path-2.1.0.tgz",
      "integrity": "sha512-ZMERYes6pDydyuGidse7OsHxtbI7WVeUEozgR/g7rd0xUimYNlvZRE/K2MgZTjWy725IfelLeVcEM97mmtRGXw==",
      "dev": true,
      "dependencies": {
        "binary-extensions": "^2.0.0"
      },
      "engines": {
        "node": ">=8"
      }
    },
    "node_modules/is-extglob": {
      "version": "2.1.1",
      "resolved": "https://registry.npmjs.org/is-extglob/-/is-extglob-2.1.1.tgz",
      "integrity": "sha512-SbKbANkN603Vi4jEZv49LeVJMn4yGwsbzZworEoyEiutsN3nJYdbO36zfhGJ6QEDpOZIFkDtnq5JRxmvl3jsoQ==",
      "dev": true,
      "engines": {
        "node": ">=0.10.0"
      }
    },
    "node_modules/is-glob": {
      "version": "4.0.3",
      "resolved": "https://registry.npmjs.org/is-glob/-/is-glob-4.0.3.tgz",
      "integrity": "sha512-xelSayHH36ZgE7ZWhli7pW34hNbNl8Ojv5KVmkJD4hBdD3th8Tfk9vYasLM+mXWOZhFkgZfxhLSnrwRr4elSSg==",
      "dev": true,
      "dependencies": {
        "is-extglob": "^2.1.1"
      },
      "engines": {
        "node": ">=0.10.0"
      }
    },
    "node_modules/is-number": {
      "version": "7.0.0",
      "resolved": "https://registry.npmjs.org/is-number/-/is-number-7.0.0.tgz",
      "integrity": "sha512-41Cifkg6e8TylSpdtTpeLVMqvSBEVzTttHvERD741+pnZ8ANv0004MRL43QKPDlK9cGvNp6NZWZUBlbGXYxxng==",
      "dev": true,
      "engines": {
        "node": ">=0.12.0"
      }
    },
    "node_modules/minimatch": {
      "version": "5.1.6",
      "resolved": "https://registry.npmjs.org/minimatch/-/minimatch-5.1.6.tgz",
      "integrity": "sha512-lKwV/1brpG6mBUFHtb7NUmtABCb2WZZmm2wNiOA5hAb8VdCS4B3dtMWyvcoViccwAW/COERjXLt0zP1zXUN26g==",
      "dev": true,
      "dependencies": {
        "brace-expansion": "^2.0.1"
      },
      "engines": {
        "node": ">=10"
      }
    },
    "node_modules/nanoid": {
      "version": "3.3.4",
      "resolved": "https://registry.npmjs.org/nanoid/-/nanoid-3.3.4.tgz",
      "integrity": "sha512-MqBkQh/OHTS2egovRtLk45wEyNXwF+cokD+1YPf9u5VfJiRdAiRwB2froX5Co9Rh20xs4siNPm8naNotSD6RBw==",
      "dev": true,
      "bin": {
        "nanoid": "bin/nanoid.cjs"
      },
      "engines": {
        "node": "^10 || ^12 || ^13.7 || ^14 || >=15.0.1"
      }
    },
    "node_modules/normalize-path": {
      "version": "3.0.0",
      "resolved": "https://registry.npmjs.org/normalize-path/-/normalize-path-3.0.0.tgz",
      "integrity": "sha512-6eZs5Ls3WtCisHWp9S2GUy8dqkpGi4BVSz3GaqiE6ezub0512ESztXUwUB6C6IKbQkY2Pnb/mD4WYojCRwcwLA==",
      "dev": true,
      "engines": {
        "node": ">=0.10.0"
      }
    },
    "node_modules/once": {
      "version": "1.4.0",
      "resolved": "https://registry.npmjs.org/once/-/once-1.4.0.tgz",
      "integrity": "sha512-lNaJgI+2Q5URQBkccEKHTQOPaXdUxnZZElQTZY0MFUAuaEqe1E+Nyvgdz/aIyNi6Z9MzO5dv1H8n58/GELp3+w==",
      "dev": true,
      "dependencies": {
        "wrappy": "1"
      }
    },
    "node_modules/picocolors": {
      "version": "1.0.0",
      "resolved": "https://registry.npmjs.org/picocolors/-/picocolors-1.0.0.tgz",
      "integrity": "sha512-1fygroTLlHu66zi26VoTDv8yRgm0Fccecssto+MhsZ0D/DGW2sm8E8AjW7NU5VVTRt5GxbeZ5qBuJr+HyLYkjQ==",
      "dev": true
    },
    "node_modules/picomatch": {
      "version": "2.3.1",
      "resolved": "https://registry.npmjs.org/picomatch/-/picomatch-2.3.1.tgz",
      "integrity": "sha512-JU3teHTNjmE2VCGFzuY8EXzCDVwEqB2a8fsIvwaStHhAWJEeVd1o1QD80CU6+ZdEXXSLbSsuLwJjkCBWqRQUVA==",
      "dev": true,
      "engines": {
        "node": ">=8.6"
      },
      "funding": {
        "url": "https://github.com/sponsors/jonschlinkert"
      }
    },
    "node_modules/postcss": {
      "version": "8.4.21",
      "resolved": "https://registry.npmjs.org/postcss/-/postcss-8.4.21.tgz",
      "integrity": "sha512-tP7u/Sn/dVxK2NnruI4H9BG+x+Wxz6oeZ1cJ8P6G/PZY0IKk4k/63TDsQf2kQq3+qoJeLm2kIBUNlZe3zgb4Zg==",
      "dev": true,
      "funding": [
        {
          "type": "opencollective",
          "url": "https://opencollective.com/postcss/"
        },
        {
          "type": "tidelift",
          "url": "https://tidelift.com/funding/github/npm/postcss"
        }
      ],
      "dependencies": {
        "nanoid": "^3.3.4",
        "picocolors": "^1.0.0",
        "source-map-js": "^1.0.2"
      },
      "engines": {
        "node": "^10 || ^12 || >=14"
      }
    },
    "node_modules/postcss-selector-parser": {
      "version": "6.0.11",
      "resolved": "https://registry.npmjs.org/postcss-selector-parser/-/postcss-selector-parser-6.0.11.tgz",
      "integrity": "sha512-zbARubNdogI9j7WY4nQJBiNqQf3sLS3wCP4WfOidu+p28LofJqDH1tcXypGrcmMHhDk2t9wGhCsYe/+szLTy1g==",
      "dev": true,
      "dependencies": {
        "cssesc": "^3.0.0",
        "util-deprecate": "^1.0.2"
      },
      "engines": {
        "node": ">=4"
      }
    },
    "node_modules/purgecss": {
      "version": "5.0.0",
      "resolved": "https://registry.npmjs.org/purgecss/-/purgecss-5.0.0.tgz",
      "integrity": "sha512-RAnuxrGuVyLLTr8uMbKaxDRGWMgK5CCYDfRyUNNcaz5P3kGgD2b7ymQGYEyo2ST7Tl/ScwFgf5l3slKMxHSbrw==",
      "dev": true,
      "dependencies": {
        "commander": "^9.0.0",
        "glob": "^8.0.3",
        "postcss": "^8.4.4",
        "postcss-selector-parser": "^6.0.7"
      },
      "bin": {
        "purgecss": "bin/purgecss.js"
      }
    },
    "node_modules/readdirp": {
      "version": "3.6.0",
      "resolved": "https://registry.npmjs.org/readdirp/-/readdirp-3.6.0.tgz",
      "integrity": "sha512-hOS089on8RduqdbhvQ5Z37A0ESjsqz6qnRcffsMU3495FuTdqSm+7bhJ29JvIOsBDEEnan5DPu9t3To9VRlMzA==",
      "dev": true,
      "dependencies": {
        "picomatch": "^2.2.1"
      },
      "engines": {
        "node": ">=8.10.0"
      }
    },
    "node_modules/sass": {
      "version": "1.58.3",
      "resolved": "https://registry.npmjs.org/sass/-/sass-1.58.3.tgz",
      "integrity": "sha512-Q7RaEtYf6BflYrQ+buPudKR26/lH+10EmO9bBqbmPh/KeLqv8bjpTNqxe71ocONqXq+jYiCbpPUmQMS+JJPk4A==",
      "dev": true,
      "dependencies": {
        "chokidar": ">=3.0.0 <4.0.0",
        "immutable": "^4.0.0",
        "source-map-js": ">=0.6.2 <2.0.0"
      },
      "bin": {
        "sass": "sass.js"
      },
      "engines": {
        "node": ">=12.0.0"
      }
    },
    "node_modules/source-map-js": {
      "version": "1.0.2",
      "resolved": "https://registry.npmjs.org/source-map-js/-/source-map-js-1.0.2.tgz",
      "integrity": "sha512-R0XvVJ9WusLiqTCEiGCmICCMplcCkIwwR11mOSD9CR5u+IXYdiseeEuXCVAjS54zqwkLcPNnmU4OeJ6tUrWhDw==",
      "dev": true,
      "engines": {
        "node": ">=0.10.0"
      }
    },
    "node_modules/to-regex-range": {
      "version": "5.0.1",
      "resolved": "https://registry.npmjs.org/to-regex-range/-/to-regex-range-5.0.1.tgz",
      "integrity": "sha512-65P7iz6X5yEr1cwcgvQxbbIw7Uk3gOy5dIdtZ4rDveLqhrdJP+Li/Hx6tyK0NEb+2GCyneCMJiGqrADCSNk8sQ==",
      "dev": true,
      "dependencies": {
        "is-number": "^7.0.0"
      },
      "engines": {
        "node": ">=8.0"
      }
    },
    "node_modules/util-deprecate": {
      "version": "1.0.2",
      "resolved": "https://registry.npmjs.org/util-deprecate/-/util-deprecate-1.0.2.tgz",
      "integrity": "sha512-EPD5q1uXyFxJpCrLnCc1nHnq3gOa6DZBocAIiI2TaSCA7VCJ1UJDMagCzIkXNsUYfD1daK//LTEQ8xiIbrHtcw==",
      "dev": true
    },
    "node_modules/wrappy": {
      "version": "1.0.2",
      "resolved": "https://registry.npmjs.org/wrappy/-/wrappy-1.0.2.tgz",
      "integrity": "sha512-l4Sp/DRseor9wL6EvV2+TuQn63dMkPjZ/sp9XkghTEbV9KlPS1xUsZ3u7/IQO4wxtcFB4bgpQPRcR3QCvezPcQ==",
      "dev": true
    }
  },
  "dependencies": {
    "@bulvar/bulma": {
      "version": "0.11.13",
      "resolved": "https://registry.npmjs.org/@bulvar/bulma/-/bulma-0.11.13.tgz",
      "integrity": "sha512-5UTtxtdrHuKyh7nYFHOM9KlSz+ictO32UcT64MIjghWVL67DQAW24dMSui02gDGPL9B2o1F74W1oKdSOXJPZCA==",
      "dev": true
    },
    "@esbuild/android-arm": {
      "version": "0.17.9",
      "resolved": "https://registry.npmjs.org/@esbuild/android-arm/-/android-arm-0.17.9.tgz",
      "integrity": "sha512-efHnZVJldh2e18fK40RYzYTTRDzZ0QgL9V/73PSsAH43BauvjVwkqSHPhbcn77H0EQOUM2JPuO/XCg7jcKt94A==",
      "dev": true,
      "optional": true
    },
    "@esbuild/android-arm64": {
      "version": "0.17.9",
      "resolved": "https://registry.npmjs.org/@esbuild/android-arm64/-/android-arm64-0.17.9.tgz",
      "integrity": "sha512-bqds/6lXsCA7JhHGKIM/R80sy3BAIBR0HWyeas0bW57QVHT3Rz5sf4oUVS4ZsmN+J+8IgNnaIT2PXZ0pnRcLKg==",
      "dev": true,
      "optional": true
    },
    "@esbuild/android-x64": {
      "version": "0.17.9",
      "resolved": "https://registry.npmjs.org/@esbuild/android-x64/-/android-x64-0.17.9.tgz",
      "integrity": "sha512-pP+MLR/k8BAYZuOqEkjAaQd9/pzbNS52pNFiXgdiCHb/16u6o7s0rPF8vPlVg+1s8ii+M6HrymL4534xYwCQCA==",
      "dev": true,
      "optional": true
    },
    "@esbuild/darwin-arm64": {
      "version": "0.17.9",
      "resolved": "https://registry.npmjs.org/@esbuild/darwin-arm64/-/darwin-arm64-0.17.9.tgz",
      "integrity": "sha512-Gdbnu/RCIGHE/zqLHZwujTXnHz0lBQxK9+llrbxm5tO46CMhqiOhUuA5Zt6q2imULNoPJtxmhspHSAQtcx2pkw==",
      "dev": true,
      "optional": true
    },
    "@esbuild/darwin-x64": {
      "version": "0.17.9",
      "resolved": "https://registry.npmjs.org/@esbuild/darwin-x64/-/darwin-x64-0.17.9.tgz",
      "integrity": "sha512-GEZsUsDjJnCTVWuaq1cJ1Y3oV9GmNj/h4j6jA29VYSip7S7nSSiAo4dQFBJg734QKZZFos8fHc4abJpoN2ebGw==",
      "dev": true,
      "optional": true
    },
    "@esbuild/freebsd-arm64": {
      "version": "0.17.9",
      "resolved": "https://registry.npmjs.org/@esbuild/freebsd-arm64/-/freebsd-arm64-0.17.9.tgz",
      "integrity": "sha512-l3v6bZdpZIG4RpNKObqNqJhDvqQO5JqQlU2S+KyMCbf0xQhYCbTuhu5kKY8hndM1oKhmqq6VfPWhOSf6P3XT/g==",
      "dev": true,
      "optional": true
    },
    "@esbuild/freebsd-x64": {
      "version": "0.17.9",
      "resolved": "https://registry.npmjs.org/@esbuild/freebsd-x64/-/freebsd-x64-0.17.9.tgz",
      "integrity": "sha512-o/qhS0gbIdS0AjgiT0mbdiRIyNVRD31N81c1H7NNM4p6jVkSvScqo0v9eYJ+30mPhJsL26BwSNiuFJzD/SCyuw==",
      "dev": true,
      "optional": true
    },
    "@esbuild/linux-arm": {
      "version": "0.17.9",
      "resolved": "https://registry.npmjs.org/@esbuild/linux-arm/-/linux-arm-0.17.9.tgz",
      "integrity": "sha512-AhSVW1uIbcXssQ1D+Mn0txGgcxU32ikvIxuqkmjLC7dUpcX0JuwkPgdqTOicuBjG06GV4WvXSHcKCBUjN+oBxA==",
      "dev": true,
      "optional": true
    },
    "@esbuild/linux-arm64": {
      "version": "0.17.9",
      "resolved": "https://registry.npmjs.org/@esbuild/linux-arm64/-/linux-arm64-0.17.9.tgz",
      "integrity": "sha512-o3bvDJn9txfMxrCVJATbL3NeksMT9MGqSN7vTeG9g+387rDzfUiWpF5CN/L0MoI3QTicTydEDOx0PVX8/q+nCA==",
      "dev": true,
      "optional": true
    },
    "@esbuild/linux-ia32": {
      "version": "0.17.9",
      "resolved": "https://registry.npmjs.org/@esbuild/linux-ia32/-/linux-ia32-0.17.9.tgz",
      "integrity": "sha512-fh3Eb+jMHDJUd08vEYL8swRT7zJo4lhrcG8NYuosHVeT49XQ0Bn9xLMtgtYXjCw5aB11aphAUwnzawvDqJCqTQ==",
      "dev": true,
      "optional": true
    },
    "@esbuild/linux-loong64": {
      "version": "0.17.9",
      "resolved": "https://registry.npmjs.org/@esbuild/linux-loong64/-/linux-loong64-0.17.9.tgz",
      "integrity": "sha512-+DvqOzQLkXonfQTHo4PTlbiTCfz0Rx6oYn3fQrUlPX2PffGOth4HjuP4jHeFbw0YFfOErhjM6n481nB4VTmmFQ==",
      "dev": true,
      "optional": true
    },
    "@esbuild/linux-mips64el": {
      "version": "0.17.9",
      "resolved": "https://registry.npmjs.org/@esbuild/linux-mips64el/-/linux-mips64el-0.17.9.tgz",
      "integrity": "sha512-9O0HhtxRzx9OOqavv7kIONncJXxhzrbDFmOD+cJ/3UUsy8dn52J6X2xCeUOxbmEOXYP2K+uha7b1AXG/URhF5Q==",
      "dev": true,
      "optional": true
    },
    "@esbuild/linux-ppc64": {
      "version": "0.17.9",
      "resolved": "https://registry.npmjs.org/@esbuild/linux-ppc64/-/linux-ppc64-0.17.9.tgz",
      "integrity": "sha512-tOwSTDZ0X5rcYK3OyfJVf4fFlvYLv3HGCOJxdE9gZVeRkXXd6O9CJ/A4Li1Tt9JQs9kJcFWCXxCwhY70h+t9iw==",
      "dev": true,
      "optional": true
    },
    "@esbuild/linux-riscv64": {
      "version": "0.17.9",
      "resolved": "https://registry.npmjs.org/@esbuild/linux-riscv64/-/linux-riscv64-0.17.9.tgz",
      "integrity": "sha512-mmirCaZItLSPw7loFPHvdDXO0A2I+cYOQ96eerbWEjqi9V4u+vvYSoUR3Or7HLe1JUZS+T0YWN+jPUASc1hqzg==",
      "dev": true,
      "optional": true
    },
    "@esbuild/linux-s390x": {
      "version": "0.17.9",
      "resolved": "https://registry.npmjs.org/@esbuild/linux-s390x/-/linux-s390x-0.17.9.tgz",
      "integrity": "sha512-zuL5TDhxstsvxYVZ1McsnfNrO6vlpZmxiNShJmYuYPt8COBJ/4iRkwHZ5Rbf1OkEVazB3/WASNtopv1/Gq19IQ==",
      "dev": true,
      "optional": true
    },
    "@esbuild/linux-x64": {
      "version": "0.17.9",
      "resolved": "https://registry.npmjs.org/@esbuild/linux-x64/-/linux-x64-0.17.9.tgz",
      "integrity": "sha512-jVa5NKqwBmq57aNDZOSnNuRTV5GrI93HdjTlyQyRrOs7OSEQq2r9NyaGd6KmzuxLz19XTanFt4WeGoLnjFT1Ug==",
      "dev": true,
      "optional": true
    },
    "@esbuild/netbsd-x64": {
      "version": "0.17.9",
      "resolved": "https://registry.npmjs.org/@esbuild/netbsd-x64/-/netbsd-x64-0.17.9.tgz",
      "integrity": "sha512-BRoQyPJ7aiQ7USFCtGmmrYTbRDa9muZAwoYchfqspd+ef8n2kKcXGQ0K2OqcLEqNFOwhLpAY4y4YAl22FbP+BA==",
      "dev": true,
      "optional": true
    },
    "@esbuild/openbsd-x64": {
      "version": "0.17.9",
      "resolved": "https://registry.npmjs.org/@esbuild/openbsd-x64/-/openbsd-x64-0.17.9.tgz",
      "integrity": "sha512-gDCVw9M2k8tyA9GokQEeh+L2gl0EZeGIIj5WB5H97Mb0ADq5Ea8vWyQs2iY1Q/tebcuP8cUoOZWxkCsmlyl1NA==",
      "dev": true,
      "optional": true
    },
    "@esbuild/sunos-x64": {
      "version": "0.17.9",
      "resolved": "https://registry.npmjs.org/@esbuild/sunos-x64/-/sunos-x64-0.17.9.tgz",
      "integrity": "sha512-f89/xt0Hzp7POTDJYSJvotyFXatxXBGXJyFFTQGJW+NTYhFHaMcrrb41OB3L8sfzYi3PSlM3pZnwlEk1QiBX2g==",
      "dev": true,
      "optional": true
    },
    "@esbuild/win32-arm64": {
      "version": "0.17.9",
      "resolved": "https://registry.npmjs.org/@esbuild/win32-arm64/-/win32-arm64-0.17.9.tgz",
      "integrity": "sha512-jrU/SBHXc3NPS5mPgYeL8pgIrBTwdrnaoLtygkQtuPzz0oBjsTyxV46tZoOctv4Q1Jq06+4zsJWkTzVaoik8FQ==",
      "dev": true,
      "optional": true
    },
    "@esbuild/win32-ia32": {
      "version": "0.17.9",
      "resolved": "https://registry.npmjs.org/@esbuild/win32-ia32/-/win32-ia32-0.17.9.tgz",
      "integrity": "sha512-/oVEu7DurNFM0E6qA18R8xkbYU6xilaTnqG65rqm4XJo8ONuqTzLnj/93bQps7RJIxPI+yKPl0Zx2KifvWUa5A==",
      "dev": true,
      "optional": true
    },
    "@esbuild/win32-x64": {
      "version": "0.17.9",
      "resolved": "https://registry.npmjs.org/@esbuild/win32-x64/-/win32-x64-0.17.9.tgz",
      "integrity": "sha512-PLKuXKwlPljFrzzsUO6hHNWcYeE4a8FOX/6AJ7U7PajgKqtBGw2mGYxsfJHGb+UdfgdOapIOsYPgzMTG+SGDrg==",
      "dev": true,
      "optional": true
    },
    "@kurkle/color": {
      "version": "0.3.2",
      "resolved": "https://registry.npmjs.org/@kurkle/color/-/color-0.3.2.tgz",
      "integrity": "sha512-fuscdXJ9G1qb7W8VdHi+IwRqij3lBkosAm4ydQtEmbY58OzHXqQhvlxqEkoz0yssNVn38bcpRWgA9PP+OGoisw==",
      "dev": true
    },
    "anymatch": {
      "version": "3.1.3",
      "resolved": "https://registry.npmjs.org/anymatch/-/anymatch-3.1.3.tgz",
      "integrity": "sha512-KMReFUr0B4t+D+OBkjR3KYqvocp2XaSzO55UcB6mgQMd3KbcE+mWTyvVV7D/zsdEbNnV6acZUutkiHQXvTr1Rw==",
      "dev": true,
      "requires": {
        "normalize-path": "^3.0.0",
        "picomatch": "^2.0.4"
      }
    },
    "balanced-match": {
      "version": "1.0.2",
      "resolved": "https://registry.npmjs.org/balanced-match/-/balanced-match-1.0.2.tgz",
      "integrity": "sha512-3oSeUO0TMV67hN1AmbXsK4yaqU7tjiHlbxRDZOpH0KW9+CeX4bRAaX0Anxt0tx2MrpRpWwQaPwIlISEJhYU5Pw==",
      "dev": true
    },
    "binary-extensions": {
      "version": "2.2.0",
      "resolved": "https://registry.npmjs.org/binary-extensions/-/binary-extensions-2.2.0.tgz",
      "integrity": "sha512-jDctJ/IVQbZoJykoeHbhXpOlNBqGNcwXJKJog42E5HDPUwQTSdjCHdihjj0DlnheQ7blbT6dHOafNAiS8ooQKA==",
      "dev": true
    },
    "brace-expansion": {
      "version": "2.0.1",
      "resolved": "https://registry.npmjs.org/brace-expansion/-/brace-expansion-2.0.1.tgz",
      "integrity": "sha512-XnAIvQ8eM+kC6aULx6wuQiwVsnzsi9d3WxzV3FpWTGA19F621kwdbsAcFKXgKUHZWsy+mY6iL1sHTxWEFCytDA==",
      "dev": true,
      "requires": {
        "balanced-match": "^1.0.0"
      }
    },
    "braces": {
      "version": "3.0.2",
      "resolved": "https://registry.npmjs.org/braces/-/braces-3.0.2.tgz",
      "integrity": "sha512-b8um+L1RzM3WDSzvhm6gIz1yfTbBt6YTlcEKAvsmqCZZFw46z626lVj9j1yEPW33H5H+lBQpZMP1k8l+78Ha0A==",
      "dev": true,
      "requires": {
        "fill-range": "^7.0.1"
      }
    },
    "chart.js": {
      "version": "4.2.1",
      "resolved": "https://registry.npmjs.org/chart.js/-/chart.js-4.2.1.tgz",
      "integrity": "sha512-6YbpQ0nt3NovAgOzbkSSeeAQu/3za1319dPUQTXn9WcOpywM8rGKxJHrhS8V8xEkAlk8YhEfjbuAPfUyp6jIsw==",
      "dev": true,
      "requires": {
        "@kurkle/color": "^0.3.0"
      }
    },
    "chokidar": {
      "version": "3.5.3",
      "resolved": "https://registry.npmjs.org/chokidar/-/chokidar-3.5.3.tgz",
      "integrity": "sha512-Dr3sfKRP6oTcjf2JmUmFJfeVMvXBdegxB0iVQ5eb2V10uFJUCAS8OByZdVAyVb8xXNz3GjjTgj9kLWsZTqE6kw==",
      "dev": true,
      "requires": {
        "anymatch": "~3.1.2",
        "braces": "~3.0.2",
        "fsevents": "~2.3.2",
        "glob-parent": "~5.1.2",
        "is-binary-path": "~2.1.0",
        "is-glob": "~4.0.1",
        "normalize-path": "~3.0.0",
        "readdirp": "~3.6.0"
      }
    },
    "commander": {
      "version": "9.5.0",
      "resolved": "https://registry.npmjs.org/commander/-/commander-9.5.0.tgz",
      "integrity": "sha512-KRs7WVDKg86PWiuAqhDrAQnTXZKraVcCc6vFdL14qrZ/DcWwuRo7VoiYXalXO7S5GKpqYiVEwCbgFDfxNHKJBQ==",
      "dev": true
    },
    "cssesc": {
      "version": "3.0.0",
      "resolved": "https://registry.npmjs.org/cssesc/-/cssesc-3.0.0.tgz",
      "integrity": "sha512-/Tb/JcjK111nNScGob5MNtsntNM1aCNUDipB/TkwZFhyDrrE47SOx/18wF2bbjgc3ZzCSKW1T5nt5EbFoAz/Vg==",
      "dev": true
    },
    "esbuild": {
      "version": "0.17.9",
      "resolved": "https://registry.npmjs.org/esbuild/-/esbuild-0.17.9.tgz",
      "integrity": "sha512-m3b2MR76QkwKPw/KQBlBJVaIncfQhhXsDMCFPoyqEOIziV+O7BAKqOYT1NbHsnFUX0/98CLWxUfM5stzh4yq4Q==",
      "dev": true,
      "requires": {
        "@esbuild/android-arm": "0.17.9",
        "@esbuild/android-arm64": "0.17.9",
        "@esbuild/android-x64": "0.17.9",
        "@esbuild/darwin-arm64": "0.17.9",
        "@esbuild/darwin-x64": "0.17.9",
        "@esbuild/freebsd-arm64": "0.17.9",
        "@esbuild/freebsd-x64": "0.17.9",
        "@esbuild/linux-arm": "0.17.9",
        "@esbuild/linux-arm64": "0.17.9",
        "@esbuild/linux-ia32": "0.17.9",
        "@esbuild/linux-loong64": "0.17.9",
        "@esbuild/linux-mips64el": "0.17.9",
        "@esbuild/linux-ppc64": "0.17.9",
        "@esbuild/linux-riscv64": "0.17.9",
        "@esbuild/linux-s390x": "0.17.9",
        "@esbuild/linux-x64": "0.17.9",
        "@esbuild/netbsd-x64": "0.17.9",
        "@esbuild/openbsd-x64": "0.17.9",
        "@esbuild/sunos-x64": "0.17.9",
        "@esbuild/win32-arm64": "0.17.9",
        "@esbuild/win32-ia32": "0.17.9",
        "@esbuild/win32-x64": "0.17.9"
      }
    },
    "fill-range": {
      "version": "7.0.1",
      "resolved": "https://registry.npmjs.org/fill-range/-/fill-range-7.0.1.tgz",
      "integrity": "sha512-qOo9F+dMUmC2Lcb4BbVvnKJxTPjCm+RRpe4gDuGrzkL7mEVl/djYSu2OdQ2Pa302N4oqkSg9ir6jaLWJ2USVpQ==",
      "dev": true,
      "requires": {
        "to-regex-range": "^5.0.1"
      }
    },
    "fs.realpath": {
      "version": "1.0.0",
      "resolved": "https://registry.npmjs.org/fs.realpath/-/fs.realpath-1.0.0.tgz",
      "integrity": "sha512-OO0pH2lK6a0hZnAdau5ItzHPI6pUlvI7jMVnxUQRtw4owF2wk8lOSabtGDCTP4Ggrg2MbGnWO9X8K1t4+fGMDw==",
      "dev": true
    },
    "fsevents": {
      "version": "2.3.2",
      "resolved": "https://registry.npmjs.org/fsevents/-/fsevents-2.3.2.tgz",
      "integrity": "sha512-xiqMQR4xAeHTuB9uWm+fFRcIOgKBMiOBP+eXiyT7jsgVCq1bkVygt00oASowB7EdtpOHaaPgKt812P9ab+DDKA==",
      "dev": true,
      "optional": true
    },
    "glob": {
      "version": "8.1.0",
      "resolved": "https://registry.npmjs.org/glob/-/glob-8.1.0.tgz",
      "integrity": "sha512-r8hpEjiQEYlF2QU0df3dS+nxxSIreXQS1qRhMJM0Q5NDdR386C7jb7Hwwod8Fgiuex+k0GFjgft18yvxm5XoCQ==",
      "dev": true,
      "requires": {
        "fs.realpath": "^1.0.0",
        "inflight": "^1.0.4",
        "inherits": "2",
        "minimatch": "^5.0.1",
        "once": "^1.3.0"
      }
    },
    "glob-parent": {
      "version": "5.1.2",
      "resolved": "https://registry.npmjs.org/glob-parent/-/glob-parent-5.1.2.tgz",
      "integrity": "sha512-AOIgSQCepiJYwP3ARnGx+5VnTu2HBYdzbGP45eLw1vr3zB3vZLeyed1sC9hnbcOc9/SrMyM5RPQrkGz4aS9Zow==",
      "dev": true,
      "requires": {
        "is-glob": "^4.0.1"
      }
    },
    "immutable": {
      "version": "4.2.4",
      "resolved": "https://registry.npmjs.org/immutable/-/immutable-4.2.4.tgz",
      "integrity": "sha512-WDxL3Hheb1JkRN3sQkyujNlL/xRjAo3rJtaU5xeufUauG66JdMr32bLj4gF+vWl84DIA3Zxw7tiAjneYzRRw+w==",
      "dev": true
    },
    "inflight": {
      "version": "1.0.6",
      "resolved": "https://registry.npmjs.org/inflight/-/inflight-1.0.6.tgz",
      "integrity": "sha512-k92I/b08q4wvFscXCLvqfsHCrjrF7yiXsQuIVvVE7N82W3+aqpzuUdBbfhWcy/FZR3/4IgflMgKLOsvPDrGCJA==",
      "dev": true,
      "requires": {
        "once": "^1.3.0",
        "wrappy": "1"
      }
    },
    "inherits": {
      "version": "2.0.4",
      "resolved": "https://registry.npmjs.org/inherits/-/inherits-2.0.4.tgz",
      "integrity": "sha512-k/vGaX4/Yla3WzyMCvTQOXYeIHvqOKtnqBduzTHpzpQZzAskKMhZ2K+EnBiSM9zGSoIFeMpXKxa4dYeZIQqewQ==",
      "dev": true
    },
    "is-binary-path": {
      "version": "2.1.0",
      "resolved": "https://registry.npmjs.org/is-binary-path/-/is-binary-path-2.1.0.tgz",
      "integrity": "sha512-ZMERYes6pDydyuGidse7OsHxtbI7WVeUEozgR/g7rd0xUimYNlvZRE/K2MgZTjWy725IfelLeVcEM97mmtRGXw==",
      "dev": true,
      "requires": {
        "binary-extensions": "^2.0.0"
      }
    },
    "is-extglob": {
      "version": "2.1.1",
      "resolved": "https://registry.npmjs.org/is-extglob/-/is-extglob-2.1.1.tgz",
      "integrity": "sha512-SbKbANkN603Vi4jEZv49LeVJMn4yGwsbzZworEoyEiutsN3nJYdbO36zfhGJ6QEDpOZIFkDtnq5JRxmvl3jsoQ==",
      "dev": true
    },
    "is-glob": {
      "version": "4.0.3",
      "resolved": "https://registry.npmjs.org/is-glob/-/is-glob-4.0.3.tgz",
      "integrity": "sha512-xelSayHH36ZgE7ZWhli7pW34hNbNl8Ojv5KVmkJD4hBdD3th8Tfk9vYasLM+mXWOZhFkgZfxhLSnrwRr4elSSg==",
      "dev": true,
      "requires": {
        "is-extglob": "^2.1.1"
      }
    },
    "is-number": {
      "version": "7.0.0",
      "resolved": "https://registry.npmjs.org/is-number/-/is-number-7.0.0.tgz",
      "integrity": "sha512-41Cifkg6e8TylSpdtTpeLVMqvSBEVzTttHvERD741+pnZ8ANv0004MRL43QKPDlK9cGvNp6NZWZUBlbGXYxxng==",
      "dev": true
    },
    "minimatch": {
      "version": "5.1.6",
      "resolved": "https://registry.npmjs.org/minimatch/-/minimatch-5.1.6.tgz",
      "integrity": "sha512-lKwV/1brpG6mBUFHtb7NUmtABCb2WZZmm2wNiOA5hAb8VdCS4B3dtMWyvcoViccwAW/COERjXLt0zP1zXUN26g==",
      "dev": true,
      "requires": {
        "brace-expansion": "^2.0.1"
      }
    },
    "nanoid": {
      "version": "3.3.4",
      "resolved": "https://registry.npmjs.org/nanoid/-/nanoid-3.3.4.tgz",
      "integrity": "sha512-MqBkQh/OHTS2egovRtLk45wEyNXwF+cokD+1YPf9u5VfJiRdAiRwB2froX5Co9Rh20xs4siNPm8naNotSD6RBw==",
      "dev": true
    },
    "normalize-path": {
      "version": "3.0.0",
      "resolved": "https://registry.npmjs.org/normalize-path/-/normalize-path-3.0.0.tgz",
      "integrity": "sha512-6eZs5Ls3WtCisHWp9S2GUy8dqkpGi4BVSz3GaqiE6ezub0512ESztXUwUB6C6IKbQkY2Pnb/mD4WYojCRwcwLA==",
      "dev": true
    },
    "once": {
      "version": "1.4.0",
      "resolved": "https://registry.npmjs.org/once/-/once-1.4.0.tgz",
      "integrity": "sha512-lNaJgI+2Q5URQBkccEKHTQOPaXdUxnZZElQTZY0MFUAuaEqe1E+Nyvgdz/aIyNi6Z9MzO5dv1H8n58/GELp3+w==",
      "dev": true,
      "requires": {
        "wrappy": "1"
      }
    },
    "picocolors": {
      "version": "1.0.0",
      "resolved": "https://registry.npmjs.org/picocolors/-/picocolors-1.0.0.tgz",
      "integrity": "sha512-1fygroTLlHu66zi26VoTDv8yRgm0Fccecssto+MhsZ0D/DGW2sm8E8AjW7NU5VVTRt5GxbeZ5qBuJr+HyLYkjQ==",
      "dev": true
    },
    "picomatch": {
      "version": "2.3.1",
      "resolved": "https://registry.npmjs.org/picomatch/-/picomatch-2.3.1.tgz",
      "integrity": "sha512-JU3teHTNjmE2VCGFzuY8EXzCDVwEqB2a8fsIvwaStHhAWJEeVd1o1QD80CU6+ZdEXXSLbSsuLwJjkCBWqRQUVA==",
      "dev": true
    },
    "postcss": {
      "version": "8.4.21",
      "resolved": "https://registry.npmjs.org/postcss/-/postcss-8.4.21.tgz",
      "integrity": "sha512-tP7u/Sn/dVxK2NnruI4H9BG+x+Wxz6oeZ1cJ8P6G/PZY0IKk4k/63TDsQf2kQq3+qoJeLm2kIBUNlZe3zgb4Zg==",
      "dev": true,
      "requires": {
        "nanoid": "^3.3.4",
        "picocolors": "^1.0.0",
        "source-map-js": "^1.0.2"
      }
    },
    "postcss-selector-parser": {
      "version": "6.0.11",
      "resolved": "https://registry.npmjs.org/postcss-selector-parser/-/postcss-selector-parser-6.0.11.tgz",
      "integrity": "sha512-zbARubNdogI9j7WY4nQJBiNqQf3sLS3wCP4WfOidu+p28LofJqDH1tcXypGrcmMHhDk2t9wGhCsYe/+szLTy1g==",
      "dev": true,
      "requires": {
        "cssesc": "^3.0.0",
        "util-deprecate": "^1.0.2"
      }
    },
    "purgecss": {
      "version": "5.0.0",
      "resolved": "https://registry.npmjs.org/purgecss/-/purgecss-5.0.0.tgz",
      "integrity": "sha512-RAnuxrGuVyLLTr8uMbKaxDRGWMgK5CCYDfRyUNNcaz5P3kGgD2b7ymQGYEyo2ST7Tl/ScwFgf5l3slKMxHSbrw==",
      "dev": true,
      "requires": {
        "commander": "^9.0.0",
        "glob": "^8.0.3",
        "postcss": "^8.4.4",
        "postcss-selector-parser": "^6.0.7"
      }
    },
    "readdirp": {
      "version": "3.6.0",
      "resolved": "https://registry.npmjs.org/readdirp/-/readdirp-3.6.0.tgz",
      "integrity": "sha512-hOS089on8RduqdbhvQ5Z37A0ESjsqz6qnRcffsMU3495FuTdqSm+7bhJ29JvIOsBDEEnan5DPu9t3To9VRlMzA==",
      "dev": true,
      "requires": {
        "picomatch": "^2.2.1"
      }
    },
    "sass": {
      "version": "1.58.3",
      "resolved": "https://registry.npmjs.org/sass/-/sass-1.58.3.tgz",
      "integrity": "sha512-Q7RaEtYf6BflYrQ+buPudKR26/lH+10EmO9bBqbmPh/KeLqv8bjpTNqxe71ocONqXq+jYiCbpPUmQMS+JJPk4A==",
      "dev": true,
      "requires": {
        "chokidar": ">=3.0.0 <4.0.0",
        "immutable": "^4.0.0",
        "source-map-js": ">=0.6.2 <2.0.0"
      }
    },
    "source-map-js": {
      "version": "1.0.2",
      "resolved": "https://registry.npmjs.org/source-map-js/-/source-map-js-1.0.2.tgz",
      "integrity": "sha512-R0XvVJ9WusLiqTCEiGCmICCMplcCkIwwR11mOSD9CR5u+IXYdiseeEuXCVAjS54zqwkLcPNnmU4OeJ6tUrWhDw==",
      "dev": true
    },
    "to-regex-range": {
      "version": "5.0.1",
      "resolved": "https://registry.npmjs.org/to-regex-range/-/to-regex-range-5.0.1.tgz",
      "integrity": "sha512-65P7iz6X5yEr1cwcgvQxbbIw7Uk3gOy5dIdtZ4rDveLqhrdJP+Li/Hx6tyK0NEb+2GCyneCMJiGqrADCSNk8sQ==",
      "dev": true,
      "requires": {
        "is-number": "^7.0.0"
      }
    },
    "util-deprecate": {
      "version": "1.0.2",
      "resolved": "https://registry.npmjs.org/util-deprecate/-/util-deprecate-1.0.2.tgz",
      "integrity": "sha512-EPD5q1uXyFxJpCrLnCc1nHnq3gOa6DZBocAIiI2TaSCA7VCJ1UJDMagCzIkXNsUYfD1daK//LTEQ8xiIbrHtcw==",
      "dev": true
    },
    "wrappy": {
      "version": "1.0.2",
      "resolved": "https://registry.npmjs.org/wrappy/-/wrappy-1.0.2.tgz",
      "integrity": "sha512-l4Sp/DRseor9wL6EvV2+TuQn63dMkPjZ/sp9XkghTEbV9KlPS1xUsZ3u7/IQO4wxtcFB4bgpQPRcR3QCvezPcQ==",
      "dev": true
    }
  }
}
